
Microsoft Visual Studio Solution File, Format Version 12.00
# Visual Studio 14
VisualStudioVersion = 14.0.25420.1
MinimumVisualStudioVersion = 10.0.40219.1
Project("{FAE04EC0-301F-11D3-BF4B-00C04F79EFBC}") = "DataTablesMvc", "DataTablesMvc\DataTablesMvc.csproj", "{D5F25278-79AF-4FFD-8A0C-0BE71B0628AB}"
EndProject
Project("{FAE04EC0-301F-11D3-BF4B-00C04F79EFBC}") = "DataTablesMvc.Tests", "DataTablesMvc.Tests\DataTablesMvc.Tests.csproj", "{B426393F-7F5A-4F26-989A-9C3B76C56A99}"
EndProject
Global
	GlobalSection(SolutionConfigurationPlatforms) = preSolution
		Debug|Any CPU = Debug|Any CPU
		Release|Any CPU = Release|Any CPU
	EndGlobalSection
	GlobalSection(ProjectConfigurationPlatforms) = postSolution
		{D5F25278-79AF-4FFD-8A0C-0BE71B0628AB}.Debug|Any CPU.ActiveCfg = Debug|Any CPU
		{D5F25278-79AF-4FFD-8A0C-0BE71B0628AB}.Debug|Any CPU.Build.0 = Debug|Any CPU
		{D5F25278-79AF-4FFD-8A0C-0BE71B0628AB}.Release|Any CPU.ActiveCfg = Release|Any CPU
		{D5F25278-79AF-4FFD-8A0C-0BE71B0628AB}.Release|Any CPU.Build.0 = Release|Any CPU
		{B426393F-7F5A-4F26-989A-9C3B76C56A99}.Debug|Any CPU.ActiveCfg = Debug|Any CPU
		{B426393F-7F5A-4F26-989A-9C3B76C56A99}.Debug|Any CPU.Build.0 = Debug|Any CPU
		{B426393F-7F5A-4F26-989A-9C3B76C56A99}.Release|Any CPU.ActiveCfg = Release|Any CPU
		{B426393F-7F5A-4F26-989A-9C3B76C56A99}.Release|Any CPU.Build.0 = Release|Any CPU
	EndGlobalSection
	GlobalSection(SolutionProperties) = preSolution
		HideSolutionNode = FALSE
	EndGlobalSection
EndGlobal
